
Microsoft Visual Studio Solution File, Format Version 12.00
# Visual Studio Version 17
VisualStudioVersion = 17.5.33414.496
MinimumVisualStudioVersion = 10.0.40219.1
Project("{8BC9CEB8-8B4A-11D0-8D11-00A0C91BC942}") = "06.1while循环", "06.1while循环\06.1while循环.vcxproj", "{58BBD6E1-DDD5-4A0C-ACB0-4FBBCD872E53}"
EndProject
Project("{8BC9CEB8-8B4A-11D0-8D11-00A0C91BC942}") = "06.2while语句", "06.2while语句\06.2while语句.vcxproj", "{BFBB995F-6EE3-498A-86E8-BEC22461E873}"
EndProject
Project("{8BC9CEB8-8B4A-11D0-8D11-00A0C91BC942}") = "06.3用关系运算符和表达式比较大小", "06.3用关系运算符和表达式比较大小\06.3用关系运算符和表达式比较大小.vcxproj", "{65237E0E-FF59-4FE0-B5D6-7F8057E54FD8}"
EndProject
Project("{8BC9CEB8-8B4A-11D0-8D11-00A0C91BC942}") = "06.4不确定循环和计数循环", "06.4不确定循环和计数循环\06.4不确定循环和计数循环.vcxproj", "{EAE86228-8E52-4835-B0A7-22B02AA0100B}"
EndProject
Project("{8BC9CEB8-8B4A-11D0-8D11-00A0C91BC942}") = "06.5for循环", "06.5for循环\06.5for循环.vcxproj", "{DE147663-39FF-4979-B9FD-C92459BAB509}"
EndProject
Project("{8BC9CEB8-8B4A-11D0-8D11-00A0C91BC942}") = "06.6其他赋值运算符", "06.6其他赋值运算符\06.6其他赋值运算符.vcxproj", "{FDF58327-13A8-4B13-BAC7-606730C924DF}"
EndProject
Project("{8BC9CEB8-8B4A-11D0-8D11-00A0C91BC942}") = "06.7逗号运算符", "06.7逗号运算符\06.7逗号运算符.vcxproj", "{86222CD1-575A-46A5-8E5E-F38BDC89AFEC}"
EndProject
Project("{8BC9CEB8-8B4A-11D0-8D11-00A0C91BC942}") = "06.8出口条件循环：do while", "06.8出口条件循环：do while\06.8出口条件循环：do while.vcxproj", "{5C16456F-824E-49F9-9D0C-8BEEC0ECD4B2}"
EndProject
Project("{8BC9CEB8-8B4A-11D0-8D11-00A0C91BC942}") = "06.9如何选择循环", "06.9如何选择循环\06.9如何选择循环.vcxproj", "{7F63832C-B18D-4B7E-8C22-30CBCA5CD117}"
EndProject
Project("{8BC9CEB8-8B4A-11D0-8D11-00A0C91BC942}") = "16.11数组介绍", "16.11数组介绍\16.11数组介绍.vcxproj", "{7D5F5CCF-77A5-4A9F-86E7-F8113EA3AECE}"
EndProject
Project("{8BC9CEB8-8B4A-11D0-8D11-00A0C91BC942}") = "16.10嵌套循环", "16.10嵌套循环\16.10嵌套循环.vcxproj", "{9799E717-296E-435C-BA7A-FB574BFA3EAF}"
EndProject
Project("{8BC9CEB8-8B4A-11D0-8D11-00A0C91BC942}") = "16.12使用函数返回值的循环示例", "16.12使用函数返回值的循环示例\16.12使用函数返回值的循环示例.vcxproj", "{650DD3DB-A523-40A8-A6C2-D47BFD4A4B9A}"
EndProject
Project("{8BC9CEB8-8B4A-11D0-8D11-00A0C91BC942}") = "2随便写写", "2随便写写\2随便写写.vcxproj", "{73E78E94-71EF-4566-869B-A69724D95778}"
EndProject
Global
	GlobalSection(SolutionConfigurationPlatforms) = preSolution
		Debug|x64 = Debug|x64
		Debug|x86 = Debug|x86
		Release|x64 = Release|x64
		Release|x86 = Release|x86
	EndGlobalSection
	GlobalSection(ProjectConfigurationPlatforms) = postSolution
		{58BBD6E1-DDD5-4A0C-ACB0-4FBBCD872E53}.Debug|x64.ActiveCfg = Debug|x64
		{58BBD6E1-DDD5-4A0C-ACB0-4FBBCD872E53}.Debug|x64.Build.0 = Debug|x64
		{58BBD6E1-DDD5-4A0C-ACB0-4FBBCD872E53}.Debug|x86.ActiveCfg = Debug|Win32
		{58BBD6E1-DDD5-4A0C-ACB0-4FBBCD872E53}.Debug|x86.Build.0 = Debug|Win32
		{58BBD6E1-DDD5-4A0C-ACB0-4FBBCD872E53}.Release|x64.ActiveCfg = Release|x64
		{58BBD6E1-DDD5-4A0C-ACB0-4FBBCD872E53}.Release|x64.Build.0 = Release|x64
		{58BBD6E1-DDD5-4A0C-ACB0-4FBBCD872E53}.Release|x86.ActiveCfg = Release|Win32
		{58BBD6E1-DDD5-4A0C-ACB0-4FBBCD872E53}.Release|x86.Build.0 = Release|Win32
		{BFBB995F-6EE3-498A-86E8-BEC22461E873}.Debug|x64.ActiveCfg = Debug|x64
		{BFBB995F-6EE3-498A-86E8-BEC22461E873}.Debug|x64.Build.0 = Debug|x64
		{BFBB995F-6EE3-498A-86E8-BEC22461E873}.Debug|x86.ActiveCfg = Debug|Win32
		{BFBB995F-6EE3-498A-86E8-BEC22461E873}.Debug|x86.Build.0 = Debug|Win32
		{BFBB995F-6EE3-498A-86E8-BEC22461E873}.Release|x64.ActiveCfg = Release|x64
		{BFBB995F-6EE3-498A-86E8-BEC22461E873}.Release|x64.Build.0 = Release|x64
		{BFBB995F-6EE3-498A-86E8-BEC22461E873}.Release|x86.ActiveCfg = Release|Win32
		{BFBB995F-6EE3-498A-86E8-BEC22461E873}.Release|x86.Build.0 = Release|Win32
		{65237E0E-FF59-4FE0-B5D6-7F8057E54FD8}.Debug|x64.ActiveCfg = Debug|x64
		{65237E0E-FF59-4FE0-B5D6-7F8057E54FD8}.Debug|x64.Build.0 = Debug|x64
		{65237E0E-FF59-4FE0-B5D6-7F8057E54FD8}.Debug|x86.ActiveCfg = Debug|Win32
		{65237E0E-FF59-4FE0-B5D6-7F8057E54FD8}.Debug|x86.Build.0 = Debug|Win32
		{65237E0E-FF59-4FE0-B5D6-7F8057E54FD8}.Release|x64.ActiveCfg = Release|x64
		{65237E0E-FF59-4FE0-B5D6-7F8057E54FD8}.Release|x64.Build.0 = Release|x64
		{65237E0E-FF59-4FE0-B5D6-7F8057E54FD8}.Release|x86.ActiveCfg = Release|Win32
		{65237E0E-FF59-4FE0-B5D6-7F8057E54FD8}.Release|x86.Build.0 = Release|Win32
		{EAE86228-8E52-4835-B0A7-22B02AA0100B}.Debug|x64.ActiveCfg = Debug|x64
		{EAE86228-8E52-4835-B0A7-22B02AA0100B}.Debug|x64.Build.0 = Debug|x64
		{EAE86228-8E52-4835-B0A7-22B02AA0100B}.Debug|x86.ActiveCfg = Debug|Win32
		{EAE86228-8E52-4835-B0A7-22B02AA0100B}.Debug|x86.Build.0 = Debug|Win32
		{EAE86228-8E52-4835-B0A7-22B02AA0100B}.Release|x64.ActiveCfg = Release|x64
		{EAE86228-8E52-4835-B0A7-22B02AA0100B}.Release|x64.Build.0 = Release|x64
		{EAE86228-8E52-4835-B0A7-22B02AA0100B}.Release|x86.ActiveCfg = Release|Win32
		{EAE86228-8E52-4835-B0A7-22B02AA0100B}.Release|x86.Build.0 = Release|Win32
		{DE147663-39FF-4979-B9FD-C92459BAB509}.Debug|x64.ActiveCfg = Debug|x64
		{DE147663-39FF-4979-B9FD-C92459BAB509}.Debug|x64.Build.0 = Debug|x64
		{DE147663-39FF-4979-B9FD-C92459BAB509}.Debug|x86.ActiveCfg = Debug|Win32
		{DE147663-39FF-4979-B9FD-C92459BAB509}.Debug|x86.Build.0 = Debug|Win32
		{DE147663-39FF-4979-B9FD-C92459BAB509}.Release|x64.ActiveCfg = Release|x64
		{DE147663-39FF-4979-B9FD-C92459BAB509}.Release|x64.Build.0 = Release|x64
		{DE147663-39FF-4979-B9FD-C92459BAB509}.Release|x86.ActiveCfg = Release|Win32
		{DE147663-39FF-4979-B9FD-C92459BAB509}.Release|x86.Build.0 = Release|Win32
		{FDF58327-13A8-4B13-BAC7-606730C924DF}.Debug|x64.ActiveCfg = Debug|x64
		{FDF58327-13A8-4B13-BAC7-606730C924DF}.Debug|x64.Build.0 = Debug|x64
		{FDF58327-13A8-4B13-BAC7-606730C924DF}.Debug|x86.ActiveCfg = Debug|Win32
		{FDF58327-13A8-4B13-BAC7-606730C924DF}.Debug|x86.Build.0 = Debug|Win32
		{FDF58327-13A8-4B13-BAC7-606730C924DF}.Release|x64.ActiveCfg = Release|x64
		{FDF58327-13A8-4B13-BAC7-606730C924DF}.Release|x64.Build.0 = Release|x64
		{FDF58327-13A8-4B13-BAC7-606730C924DF}.Release|x86.ActiveCfg = Release|Win32
		{FDF58327-13A8-4B13-BAC7-606730C924DF}.Release|x86.Build.0 = Release|Win32
		{86222CD1-575A-46A5-8E5E-F38BDC89AFEC}.Debug|x64.ActiveCfg = Debug|x64
		{86222CD1-575A-46A5-8E5E-F38BDC89AFEC}.Debug|x64.Build.0 = Debug|x64
		{86222CD1-575A-46A5-8E5E-F38BDC89AFEC}.Debug|x86.ActiveCfg = Debug|Win32
		{86222CD1-575A-46A5-8E5E-F38BDC89AFEC}.Debug|x86.Build.0 = Debug|Win32
		{86222CD1-575A-46A5-8E5E-F38BDC89AFEC}.Release|x64.ActiveCfg = Release|x64
		{86222CD1-575A-46A5-8E5E-F38BDC89AFEC}.Release|x64.Build.0 = Release|x64
		{86222CD1-575A-46A5-8E5E-F38BDC89AFEC}.Release|x86.ActiveCfg = Release|Win32
		{86222CD1-575A-46A5-8E5E-F38BDC89AFEC}.Release|x86.Build.0 = Release|Win32
		{5C16456F-824E-49F9-9D0C-8BEEC0ECD4B2}.Debug|x64.ActiveCfg = Debug|x64
		{5C16456F-824E-49F9-9D0C-8BEEC0ECD4B2}.Debug|x64.Build.0 = Debug|x64
		{5C16456F-824E-49F9-9D0C-8BEEC0ECD4B2}.Debug|x86.ActiveCfg = Debug|Win32
		{5C16456F-824E-49F9-9D0C-8BEEC0ECD4B2}.Debug|x86.Build.0 = Debug|Win32
		{5C16456F-824E-49F9-9D0C-8BEEC0ECD4B2}.Release|x64.ActiveCfg = Release|x64
		{5C16456F-824E-49F9-9D0C-8BEEC0ECD4B2}.Release|x64.Build.0 = Release|x64
		{5C16456F-824E-49F9-9D0C-8BEEC0ECD4B2}.Release|x86.ActiveCfg = Release|Win32
		{5C16456F-824E-49F9-9D0C-8BEEC0ECD4B2}.Release|x86.Build.0 = Release|Win32
		{7F63832C-B18D-4B7E-8C22-30CBCA5CD117}.Debug|x64.ActiveCfg = Debug|x64
		{7F63832C-B18D-4B7E-8C22-30CBCA5CD117}.Debug|x64.Build.0 = Debug|x64
		{7F63832C-B18D-4B7E-8C22-30CBCA5CD117}.Debug|x86.ActiveCfg = Debug|Win32
		{7F63832C-B18D-4B7E-8C22-30CBCA5CD117}.Debug|x86.Build.0 = Debug|Win32
		{7F63832C-B18D-4B7E-8C22-30CBCA5CD117}.Release|x64.ActiveCfg = Release|x64
		{7F63832C-B18D-4B7E-8C22-30CBCA5CD117}.Release|x64.Build.0 = Release|x64
		{7F63832C-B18D-4B7E-8C22-30CBCA5CD117}.Release|x86.ActiveCfg = Release|Win32
		{7F63832C-B18D-4B7E-8C22-30CBCA5CD117}.Release|x86.Build.0 = Release|Win32
		{7D5F5CCF-77A5-4A9F-86E7-F8113EA3AECE}.Debug|x64.ActiveCfg = Debug|x64
		{7D5F5CCF-77A5-4A9F-86E7-F8113EA3AECE}.Debug|x64.Build.0 = Debug|x64
		{7D5F5CCF-77A5-4A9F-86E7-F8113EA3AECE}.Debug|x86.ActiveCfg = Debug|Win32
		{7D5F5CCF-77A5-4A9F-86E7-F8113EA3AECE}.Debug|x86.Build.0 = Debug|Win32
		{7D5F5CCF-77A5-4A9F-86E7-F8113EA3AECE}.Release|x64.ActiveCfg = Release|x64
		{7D5F5CCF-77A5-4A9F-86E7-F8113EA3AECE}.Release|x64.Build.0 = Release|x64
		{7D5F5CCF-77A5-4A9F-86E7-F8113EA3AECE}.Release|x86.ActiveCfg = Release|Win32
		{7D5F5CCF-77A5-4A9F-86E7-F8113EA3AECE}.Release|x86.Build.0 = Release|Win32
		{9799E717-296E-435C-BA7A-FB574BFA3EAF}.Debug|x64.ActiveCfg = Debug|x64
		{9799E717-296E-435C-BA7A-FB574BFA3EAF}.Debug|x64.Build.0 = Debug|x64
		{9799E717-296E-435C-BA7A-FB574BFA3EAF}.Debug|x86.ActiveCfg = Debug|Win32
		{9799E717-296E-435C-BA7A-FB574BFA3EAF}.Debug|x86.Build.0 = Debug|Win32
		{9799E717-296E-435C-BA7A-FB574BFA3EAF}.Release|x64.ActiveCfg = Release|x64
		{9799E717-296E-435C-BA7A-FB574BFA3EAF}.Release|x64.Build.0 = Release|x64
		{9799E717-296E-435C-BA7A-FB574BFA3EAF}.Release|x86.ActiveCfg = Release|Win32
		{9799E717-296E-435C-BA7A-FB574BFA3EAF}.Release|x86.Build.0 = Release|Win32
		{650DD3DB-A523-40A8-A6C2-D47BFD4A4B9A}.Debug|x64.ActiveCfg = Debug|x64
		{650DD3DB-A523-40A8-A6C2-D47BFD4A4B9A}.Debug|x64.Build.0 = Debug|x64
		{650DD3DB-A523-40A8-A6C2-D47BFD4A4B9A}.Debug|x86.ActiveCfg = Debug|Win32
		{650DD3DB-A523-40A8-A6C2-D47BFD4A4B9A}.Debug|x86.Build.0 = Debug|Win32
		{650DD3DB-A523-40A8-A6C2-D47BFD4A4B9A}.Release|x64.ActiveCfg = Release|x64
		{650DD3DB-A523-40A8-A6C2-D47BFD4A4B9A}.Release|x64.Build.0 = Release|x64
		{650DD3DB-A523-40A8-A6C2-D47BFD4A4B9A}.Release|x86.ActiveCfg = Release|Win32
		{650DD3DB-A523-40A8-A6C2-D47BFD4A4B9A}.Release|x86.Build.0 = Release|Win32
		{73E78E94-71EF-4566-869B-A69724D95778}.Debug|x64.ActiveCfg = Debug|x64
		{73E78E94-71EF-4566-869B-A69724D95778}.Debug|x64.Build.0 = Debug|x64
		{73E78E94-71EF-4566-869B-A69724D95778}.Debug|x86.ActiveCfg = Debug|Win32
		{73E78E94-71EF-4566-869B-A69724D95778}.Debug|x86.Build.0 = Debug|Win32
		{73E78E94-71EF-4566-869B-A69724D95778}.Release|x64.ActiveCfg = Release|x64
		{73E78E94-71EF-4566-869B-A69724D95778}.Release|x64.Build.0 = Release|x64
		{73E78E94-71EF-4566-869B-A69724D95778}.Release|x86.ActiveCfg = Release|Win32
		{73E78E94-71EF-4566-869B-A69724D95778}.Release|x86.Build.0 = Release|Win32
	EndGlobalSection
	GlobalSection(SolutionProperties) = preSolution
		HideSolutionNode = FALSE
	EndGlobalSection
	GlobalSection(ExtensibilityGlobals) = postSolution
		SolutionGuid = {B125A47C-8BAF-40BE-9F96-BB7A85CD5A00}
	EndGlobalSection
EndGlobal
